// !$*UTF8*$!
{
	archiveVersion = 1;
	classes = {
	};
	objectVersion = 46;
	objects = {

/* Begin PBXBuildFile section */
		451722001B82B81100D88E34 /* AppDelegate.swift in Sources */ = {isa = PBXBuildFile; fileRef = 451721FF1B82B81100D88E34 /* AppDelegate.swift */; };
		451722021B82B81100D88E34 /* ViewController.swift in Sources */ = {isa = PBXBuildFile; fileRef = 451722011B82B81100D88E34 /* ViewController.swift */; };
		451722051B82B81100D88E34 /* Main.storyboard in Resources */ = {isa = PBXBuildFile; fileRef = 451722031B82B81100D88E34 /* Main.storyboard */; };
		451722071B82B81100D88E34 /* Images.xcassets in Resources */ = {isa = PBXBuildFile; fileRef = 451722061B82B81100D88E34 /* Images.xcassets */; };
		4517220A1B82B81100D88E34 /* LaunchScreen.xib in Resources */ = {isa = PBXBuildFile; fileRef = 451722081B82B81100D88E34 /* LaunchScreen.xib */; };
		451722161B82B81100D88E34 /* RFCalcKeyboardTests.swift in Sources */ = {isa = PBXBuildFile; fileRef = 451722151B82B81100D88E34 /* RFCalcKeyboardTests.swift */; };
/* End PBXBuildFile section */

/* Begin PBXContainerItemProxy section */
		451722101B82B81100D88E34 /* PBXContainerItemProxy */ = {
			isa = PBXContainerItemProxy;
			containerPortal = 451721F21B82B81100D88E34 /* Project object */;
			proxyType = 1;
			remoteGlobalIDString = 451721F91B82B81100D88E34;
			remoteInfo = RFCalcKeyboard;
		};
/* End PBXContainerItemProxy section */

/* Begin PBXFileReference section */
		451721FA1B82B81100D88E34 /* RFCalcKeyboard.app */ = {isa = PBXFileReference; explicitFileType = wrapper.application; includeInIndex = 0; path = RFCalcKeyboard.app; sourceTree = BUILT_PRODUCTS_DIR; };
		451721FE1B82B81100D88E34 /* Info.plist */ = {isa = PBXFileReference; lastKnownFileType = text.plist.xml; path = Info.plist; sourceTree = "<group>"; };
		451721FF1B82B81100D88E34 /* AppDelegate.swift */ = {isa = PBXFileReference; lastKnownFileType = sourcecode.swift; path = AppDelegate.swift; sourceTree = "<group>"; };
		451722011B82B81100D88E34 /* ViewController.swift */ = {isa = PBXFileReference; lastKnownFileType = sourcecode.swift; path = ViewController.swift; sourceTree = "<group>"; };
		451722041B82B81100D88E34 /* Base */ = {isa = PBXFileReference; lastKnownFileType = file.storyboard; name = Base; path = Base.lproj/Main.storyboard; sourceTree = "<group>"; };
		451722061B82B81100D88E34 /* Images.xcassets */ = {isa = PBXFileReference; lastKnownFileType = folder.assetcatalog; path = Images.xcassets; sourceTree = "<group>"; };
		451722091B82B81100D88E34 /* Base */ = {isa = PBXFileReference; lastKnownFileType = file.xib; name = Base; path = Base.lproj/LaunchScreen.xib; sourceTree = "<group>"; };
		4517220F1B82B81100D88E34 /* RFCalcKeyboardTests.xctest */ = {isa = PBXFileReference; explicitFileType = wrapper.cfbundle; includeInIndex = 0; path = RFCalcKeyboardTests.xctest; sourceTree = BUILT_PRODUCTS_DIR; };
		451722141B82B81100D88E34 /* Info.plist */ = {isa = PBXFileReference; lastKnownFileType = text.plist.xml; path = Info.plist; sourceTree = "<group>"; };
		451722151B82B81100D88E34 /* RFCalcKeyboardTests.swift */ = {isa = PBXFileReference; lastKnownFileType = sourcecode.swift; path = RFCalcKeyboardTests.swift; sourceTree = "<group>"; };
/* End PBXFileReference section */

/* Begin PBXFrameworksBuildPhase section */
		451721F71B82B81100D88E34 /* Frameworks */ = {
			isa = PBXFrameworksBuildPhase;
			buildActionMask = 2147483647;
			files = (
			);
			runOnlyForDeploymentPostprocessing = 0;
		};
		4517220C1B82B81100D88E34 /* Frameworks */ = {
			isa = PBXFrameworksBuildPhase;
			buildActionMask = 2147483647;
			files = (
			);
			runOnlyForDeploymentPostprocessing = 0;
		};
/* End PBXFrameworksBuildPhase section */

/* Begin PBXGroup section */
		451721F11B82B81100D88E34 = {
			isa = PBXGroup;
			children = (
				451721FC1B82B81100D88E34 /* RFCalcKeyboard */,
				451722121B82B81100D88E34 /* RFCalcKeyboardTests */,
				451721FB1B82B81100D88E34 /* Products */,
			);
			sourceTree = "<group>";
		};
		451721FB1B82B81100D88E34 /* Products */ = {
			isa = PBXGroup;
			children = (
				451721FA1B82B81100D88E34 /* RFCalcKeyboard.app */,
				4517220F1B82B81100D88E34 /* RFCalcKeyboardTests.xctest */,
			);
			name = Products;
			sourceTree = "<group>";
		};
		451721FC1B82B81100D88E34 /* RFCalcKeyboard */ = {
			isa = PBXGroup;
			children = (
				451721FF1B82B81100D88E34 /* AppDelegate.swift */,
				451722011B82B81100D88E34 /* ViewController.swift */,
				451722031B82B81100D88E34 /* Main.storyboard */,
				451722061B82B81100D88E34 /* Images.xcassets */,
				451722081B82B81100D88E34 /* LaunchScreen.xib */,
				451721FD1B82B81100D88E34 /* Supporting Files */,
			);
			path = RFCalcKeyboard;
			sourceTree = "<group>";
		};
		451721FD1B82B81100D88E34 /* Supporting Files */ = {
			isa = PBXGroup;
			children = (
				451721FE1B82B81100D88E34 /* Info.plist */,
			);
			name = "Supporting Files";
			sourceTree = "<group>";
		};
		451722121B82B81100D88E34 /* RFCalcKeyboardTests */ = {
			isa = PBXGroup;
			children = (
				451722151B82B81100D88E34 /* RFCalcKeyboardTests.swift */,
				451722131B82B81100D88E34 /* Supporting Files */,
			);
			path = RFCalcKeyboardTests;
			sourceTree = "<group>";
		};
		451722131B82B81100D88E34 /* Supporting Files */ = {
			isa = PBXGroup;
			children = (
				451722141B82B81100D88E34 /* Info.plist */,
			);
			name = "Supporting Files";
			sourceTree = "<group>";
		};
/* End PBXGroup section */

/* Begin PBXNativeTarget section */
		451721F91B82B81100D88E34 /* RFCalcKeyboard */ = {
			isa = PBXNativeTarget;
			buildConfigurationList = 451722191B82B81100D88E34 /* Build configuration list for PBXNativeTarget "RFCalcKeyboard" */;
			buildPhases = (
				451721F61B82B81100D88E34 /* Sources */,
				451721F71B82B81100D88E34 /* Frameworks */,
				451721F81B82B81100D88E34 /* Resources */,
			);
			buildRules = (
			);
			dependencies = (
			);
			name = RFCalcKeyboard;
			productName = RFCalcKeyboard;
			productReference = 451721FA1B82B81100D88E34 /* RFCalcKeyboard.app */;
			productType = "com.apple.product-type.application";
		};
		4517220E1B82B81100D88E34 /* RFCalcKeyboardTests */ = {
			isa = PBXNativeTarget;
			buildConfigurationList = 4517221C1B82B81100D88E34 /* Build configuration list for PBXNativeTarget "RFCalcKeyboardTests" */;
			buildPhases = (
				4517220B1B82B81100D88E34 /* Sources */,
				4517220C1B82B81100D88E34 /* Frameworks */,
				4517220D1B82B81100D88E34 /* Resources */,
			);
			buildRules = (
			);
			dependencies = (
				451722111B82B81100D88E34 /* PBXTargetDependency */,
			);
			name = RFCalcKeyboardTests;
			productName = RFCalcKeyboardTests;
			productReference = 4517220F1B82B81100D88E34 /* RFCalcKeyboardTests.xctest */;
			productType = "com.apple.product-type.bundle.unit-test";
		};
/* End PBXNativeTarget section */

/* Begin PBXProject section */
		451721F21B82B81100D88E34 /* Project object */ = {
			isa = PBXProject;
			attributes = {
				LastUpgradeCheck = 0640;
				ORGANIZATIONNAME = "Reefactor, Inc.";
				TargetAttributes = {
					451721F91B82B81100D88E34 = {
						CreatedOnToolsVersion = 6.4;
					};
					4517220E1B82B81100D88E34 = {
						CreatedOnToolsVersion = 6.4;
						TestTargetID = 451721F91B82B81100D88E34;
					};
				};
			};
			buildConfigurationList = 451721F51B82B81100D88E34 /* Build configuration list for PBXProject "RFCalcKeyboard" */;
			compatibilityVersion = "Xcode 3.2";
			developmentRegion = English;
			hasScannedForEncodings = 0;
			knownRegions = (
				en,
				Base,
			);
			mainGroup = 451721F11B82B81100D88E34;
			productRefGroup = 451721FB1B82B81100D88E34 /* Products */;
			projectDirPath = "";
			projectRoot = "";
			targets = (
				451721F91B82B81100D88E34 /* RFCalcKeyboard */,
				4517220E1B82B81100D88E34 /* RFCalcKeyboardTests */,
			);
		};
/* End PBXProject section */

/* Begin PBXResourcesBuildPhase section */
		451721F81B82B81100D88E34 /* Resources */ = {
			isa = PBXResourcesBuildPhase;
			buildActionMask = 2147483647;
			files = (
				451722051B82B81100D88E34 /* Main.storyboard in Resources */,
				4517220A1B82B81100D88E34 /* LaunchScreen.xib in Resources */,
				451722071B82B81100D88E34 /* Images.xcassets in Resources */,
			);
			runOnlyForDeploymentPostprocessing = 0;
		};
		4517220D1B82B81100D88E34 /* Resources */ = {
			isa = PBXResourcesBuildPhase;
			buildActionMask = 2147483647;
			files = (
			);
			runOnlyForDeploymentPostprocessing = 0;
		};
/* End PBXResourcesBuildPhase section */

/* Begin PBXSourcesBuildPhase section */
		451721F61B82B81100D88E34 /* Sources */ = {
			isa = PBXSourcesBuildPhase;
			buildActionMask = 2147483647;
			files = (
				451722021B82B81100D88E34 /* ViewController.swift in Sources */,
				451722001B82B81100D88E34 /* AppDelegate.swift in Sources */,
			);
			runOnlyForDeploymentPostprocessing = 0;
		};
		4517220B1B82B81100D88E34 /* Sources */ = {
			isa = PBXSourcesBuildPhase;
			buildActionMask = 2147483647;
			files = (
				451722161B82B81100D88E34 /* RFCalcKeyboardTests.swift in Sources */,
			);
			runOnlyForDeploymentPostprocessing = 0;
		};
/* End PBXSourcesBuildPhase section */

/* Begin PBXTargetDependency section */
		451722111B82B81100D88E34 /* PBXTargetDependency */ = {
			isa = PBXTargetDependency;
			target = 451721F91B82B81100D88E34 /* RFCalcKeyboard */;
			targetProxy = 451722101B82B81100D88E34 /* PBXContainerItemProxy */;
		};
/* End PBXTargetDependency section */

/* Begin PBXVariantGroup section */
		451722031B82B81100D88E34 /* Main.storyboard */ = {
			isa = PBXVariantGroup;
			children = (
				451722041B82B81100D88E34 /* Base */,
			);
			name = Main.storyboard;
			sourceTree = "<group>";
		};
		451722081B82B81100D88E34 /* LaunchScreen.xib */ = {
			isa = PBXVariantGroup;
			children = (
				451722091B82B81100D88E34 /* Base */,
			);
			name = LaunchScreen.xib;
			sourceTree = "<group>";
		};
/* End PBXVariantGroup section */

/* Begin XCBuildConfiguration section */
		451722171B82B81100D88E34 /* Debug */ = {
			isa = XCBuildConfiguration;
			buildSettings = {
				ALWAYS_SEARCH_USER_PATHS = NO;
				CLANG_CXX_LANGUAGE_STANDARD = "gnu++0x";
				CLANG_CXX_LIBRARY = "libc++";
				CLANG_ENABLE_MODULES = YES;
				CLANG_ENABLE_OBJC_ARC = YES;
				CLANG_WARN_BOOL_CONVERSION = YES;
				CLANG_WARN_CONSTANT_CONVERSION = YES;
				CLANG_WARN_DIRECT_OBJC_ISA_USAGE = YES_ERROR;
				CLANG_WARN_EMPTY_BODY = YES;
				CLANG_WARN_ENUM_CONVERSION = YES;
				CLANG_WARN_INT_CONVERSION = YES;
				CLANG_WARN_OBJC_ROOT_CLASS = YES_ERROR;
				CLANG_WARN_UNREACHABLE_CODE = YES;
				CLANG_WARN__DUPLICATE_METHOD_MATCH = YES;
				"CODE_SIGN_IDENTITY[sdk=iphoneos*]" = "iPhone Developer";
				COPY_PHASE_STRIP = NO;
				DEBUG_INFORMATION_FORMAT = "dwarf-with-dsym";
				ENABLE_STRICT_OBJC_MSGSEND = YES;
				GCC_C_LANGUAGE_STANDARD = gnu99;
				GCC_DYNAMIC_NO_PIC = NO;
				GCC_NO_COMMON_BLOCKS = YES;
				GCC_OPTIMIZATION_LEVEL = 0;
				GCC_PREPROCESSOR_DEFINITIONS = (
					"DEBUG=1",
					"$(inherited)",
				);
				GCC_SYMBOLS_PRIVATE_EXTERN = NO;
				GCC_WARN_64_TO_32_BIT_CONVERSION = YES;
				GCC_WARN_ABOUT_RETURN_TYPE = YES_ERROR;
				GCC_WARN_UNDECLARED_SELECTOR = YES;
				GCC_WARN_UNINITIALIZED_AUTOS = YES_AGGRESSIVE;
				GCC_WARN_UNUSED_FUNCTION = YES;
				GCC_WARN_UNUSED_VARIABLE = YES;
				IPHONEOS_DEPLOYMENT_TARGET = 8.4;
				MTL_ENABLE_DEBUG_INFO = YES;
				ONLY_ACTIVE_ARCH = YES;
				SDKROOT = iphoneos;
				SWIFT_OPTIMIZATION_LEVEL = "-Onone";
			};
			name = Debug;
		};
		451722181B82B81100D88E34 /* Release */ = {
			isa = XCBuildConfiguration;
			buildSettings = {
				ALWAYS_SEARCH_USER_PATHS = NO;
				CLANG_CXX_LANGUAGE_STANDARD = "gnu++0x";
				CLANG_CXX_LIBRARY = "libc++";
				CLANG_ENABLE_MODULES = YES;
				CLANG_ENABLE_OBJC_ARC = YES;
				CLANG_WARN_BOOL_CONVERSION = YES;
				CLANG_WARN_CONSTANT_CONVERSION = YES;
				CLANG_WARN_DIRECT_OBJC_ISA_USAGE = YES_ERROR;
				CLANG_WARN_EMPTY_BODY = YES;
				CLANG_WARN_ENUM_CONVERSION = YES;
				CLANG_WARN_INT_CONVERSION = YES;
				CLANG_WARN_OBJC_ROOT_CLASS = YES_ERROR;
				CLANG_WARN_UNREACHABLE_CODE = YES;
				CLANG_WARN__DUPLICATE_METHOD_MATCH = YES;
				"CODE_SIGN_IDENTITY[sdk=iphoneos*]" = "iPhone Developer";
				COPY_PHASE_STRIP = NO;
				DEBUG_INFORMATION_FORMAT = "dwarf-with-dsym";
				ENABLE_NS_ASSERTIONS = NO;
				ENABLE_STRICT_OBJC_MSGSEND = YES;
				GCC_C_LANGUAGE_STANDARD = gnu99;
				GCC_NO_COMMON_BLOCKS = YES;
				GCC_WARN_64_TO_32_BIT_CONVERSION = YES;
				GCC_WARN_ABOUT_RETURN_TYPE = YES_ERROR;
				GCC_WARN_UNDECLARED_SELECTOR = YES;
				GCC_WARN_UNINITIALIZED_AUTOS = YES_AGGRESSIVE;
				GCC_WARN_UNUSED_FUNCTION = YES;
				GCC_WARN_UNUSED_VARIABLE = YES;
				IPHONEOS_DEPLOYMENT_TARGET = 8.4;
				MTL_ENABLE_DEBUG_INFO = NO;
				SDKROOT = iphoneos;
				VALIDATE_PRODUCT = YES;
			};
			name = Release;
		};
		4517221A1B82B81100D88E34 /* Debug */ = {
			isa = XCBuildConfiguration;
			buildSettings = {
				ASSETCATALOG_COMPILER_APPICON_NAME = AppIcon;
				INFOPLIST_FILE = RFCalcKeyboard/Info.plist;
				LD_RUNPATH_SEARCH_PATHS = "$(inherited) @executable_path/Frameworks";
				PRODUCT_NAME = "$(TARGET_NAME)";
			};
			name = Debug;
		};
		4517221B1B82B81100D88E34 /* Release */ = {
			isa = XCBuildConfiguration;
			buildSettings = {
				ASSETCATALOG_COMPILER_APPICON_NAME = AppIcon;
				INFOPLIST_FILE = RFCalcKeyboard/Info.plist;
				LD_RUNPATH_SEARCH_PATHS = "$(inherited) @executable_path/Frameworks";
				PRODUCT_NAME = "$(TARGET_NAME)";
			};
			name = Release;
		};
		4517221D1B82B81100D88E34 /* Debug */ = {
			isa = XCBuildConfiguration;
			buildSettings = {
				BUNDLE_LOADER = "$(TEST_HOST)";
				FRAMEWORK_SEARCH_PATHS = (
					"$(SDKROOT)/Developer/Library/Frameworks",
					"$(inherited)",
				);
				GCC_PREPROCESSOR_DEFINITIONS = (
					"DEBUG=1",
					"$(inherited)",
				);
				INFOPLIST_FILE = RFCalcKeyboardTests/Info.plist;
				LD_RUNPATH_SEARCH_PATHS = "$(inherited) @executable_path/Frameworks @loader_path/Frameworks";
				PRODUCT_NAME = "$(TARGET_NAME)";
				TEST_HOST = "$(BUILT_PRODUCTS_DIR)/RFCalcKeyboard.app/RFCalcKeyboard";
			};
			name = Debug;
		};
		4517221E1B82B81100D88E34 /* Release */ = {
			isa = XCBuildConfiguration;
			buildSettings = {
				BUNDLE_LOADER = "$(TEST_HOST)";
				FRAMEWORK_SEARCH_PATHS = (
					"$(SDKROOT)/Developer/Library/Frameworks",
					"$(inherited)",
				);
				INFOPLIST_FILE = RFCalcKeyboardTests/Info.plist;
				LD_RUNPATH_SEARCH_PATHS = "$(inherited) @executable_path/Frameworks @loader_path/Frameworks";
				PRODUCT_NAME = "$(TARGET_NAME)";
				TEST_HOST = "$(BUILT_PRODUCTS_DIR)/RFCalcKeyboard.app/RFCalcKeyboard";
			};
			name = Release;
		};
/* End XCBuildConfiguration section */

/* Begin XCConfigurationList section */
		451721F51B82B81100D88E34 /* Build configuration list for PBXProject "RFCalcKeyboard" */ = {
			isa = XCConfigurationList;
			buildConfigurations = (
				451722171B82B81100D88E34 /* Debug */,
				451722181B82B81100D88E34 /* Release */,
			);
			defaultConfigurationIsVisible = 0;
			defaultConfigurationName = Release;
		};
		451722191B82B81100D88E34 /* Build configuration list for PBXNativeTarget "RFCalcKeyboard" */ = {
			isa = XCConfigurationList;
			buildConfigurations = (
				4517221A1B82B81100D88E34 /* Debug */,
				4517221B1B82B81100D88E34 /* Release */,
			);
			defaultConfigurationIsVisible = 0;
		};
		4517221C1B82B81100D88E34 /* Build configuration list for PBXNativeTarget "RFCalcKeyboardTests" */ = {
			isa = XCConfigurationList;
			buildConfigurations = (
				4517221D1B82B81100D88E34 /* Debug */,
				4517221E1B82B81100D88E34 /* Release */,
			);
			defaultConfigurationIsVisible = 0;
		};
/* End XCConfigurationList section */
	};
	rootObject = 451721F21B82B81100D88E34 /* Project object */;
}
