// !$*UTF8*$!
{
	archiveVersion = 1;
	classes = {
	};
	objectVersion = 46;
	objects = {

/* Begin PBXBuildFile section */
		4517227C1B82BAAA00D88E34 /* AppDelegate.swift in Sources */ = {isa = PBXBuildFile; fileRef = 4517227B1B82BAAA00D88E34 /* AppDelegate.swift */; };
		4517227E1B82BAAA00D88E34 /* ViewController.swift in Sources */ = {isa = PBXBuildFile; fileRef = 4517227D1B82BAAA00D88E34 /* ViewController.swift */; };
		451722811B82BAAA00D88E34 /* Main.storyboard in Resources */ = {isa = PBXBuildFile; fileRef = 4517227F1B82BAAA00D88E34 /* Main.storyboard */; };
		451722831B82BAAA00D88E34 /* Images.xcassets in Resources */ = {isa = PBXBuildFile; fileRef = 451722821B82BAAA00D88E34 /* Images.xcassets */; };
		451722861B82BAAA00D88E34 /* LaunchScreen.xib in Resources */ = {isa = PBXBuildFile; fileRef = 451722841B82BAAA00D88E34 /* LaunchScreen.xib */; };
		451722921B82BAAA00D88E34 /* ExampleTests.swift in Sources */ = {isa = PBXBuildFile; fileRef = 451722911B82BAAA00D88E34 /* ExampleTests.swift */; };
		45C5247C1C1213DD00510CF7 /* CalculatorKeyboard.framework in Frameworks */ = {isa = PBXBuildFile; fileRef = 45C524791C1213D700510CF7 /* CalculatorKeyboard.framework */; };
		45C5247D1C1213DD00510CF7 /* CalculatorKeyboard.framework in Embed Frameworks */ = {isa = PBXBuildFile; fileRef = 45C524791C1213D700510CF7 /* CalculatorKeyboard.framework */; settings = {ATTRIBUTES = (CodeSignOnCopy, RemoveHeadersOnCopy, ); }; };
/* End PBXBuildFile section */

/* Begin PBXContainerItemProxy section */
		4517228C1B82BAAA00D88E34 /* PBXContainerItemProxy */ = {
			isa = PBXContainerItemProxy;
			containerPortal = 4517226E1B82BAAA00D88E34 /* Project object */;
			proxyType = 1;
			remoteGlobalIDString = 451722751B82BAAA00D88E34;
			remoteInfo = Example;
		};
		45C524781C1213D700510CF7 /* PBXContainerItemProxy */ = {
			isa = PBXContainerItemProxy;
			containerPortal = 45C524731C1213D600510CF7 /* CalculatorKeyboard.xcodeproj */;
			proxyType = 2;
			remoteGlobalIDString = 45C5244E1C120F4E00510CF7;
			remoteInfo = CalculatorKeyboard;
		};
		45C5247A1C1213D700510CF7 /* PBXContainerItemProxy */ = {
			isa = PBXContainerItemProxy;
			containerPortal = 45C524731C1213D600510CF7 /* CalculatorKeyboard.xcodeproj */;
			proxyType = 2;
			remoteGlobalIDString = 45C524581C120F4E00510CF7;
			remoteInfo = CalculatorKeyboardTests;
		};
		45C5247E1C1213DD00510CF7 /* PBXContainerItemProxy */ = {
			isa = PBXContainerItemProxy;
			containerPortal = 45C524731C1213D600510CF7 /* CalculatorKeyboard.xcodeproj */;
			proxyType = 1;
			remoteGlobalIDString = 45C5244D1C120F4E00510CF7;
			remoteInfo = CalculatorKeyboard;
		};
/* End PBXContainerItemProxy section */

/* Begin PBXCopyFilesBuildPhase section */
		459CC66C1BE97CDF0012E4C2 /* Embed Frameworks */ = {
			isa = PBXCopyFilesBuildPhase;
			buildActionMask = 2147483647;
			dstPath = "";
			dstSubfolderSpec = 10;
			files = (
				45C5247D1C1213DD00510CF7 /* CalculatorKeyboard.framework in Embed Frameworks */,
			);
			name = "Embed Frameworks";
			runOnlyForDeploymentPostprocessing = 0;
		};
/* End PBXCopyFilesBuildPhase section */

/* Begin PBXFileReference section */
		451722761B82BAAA00D88E34 /* Example.app */ = {isa = PBXFileReference; explicitFileType = wrapper.application; includeInIndex = 0; path = Example.app; sourceTree = BUILT_PRODUCTS_DIR; };
		4517227A1B82BAAA00D88E34 /* Info.plist */ = {isa = PBXFileReference; lastKnownFileType = text.plist.xml; path = Info.plist; sourceTree = "<group>"; };
		4517227B1B82BAAA00D88E34 /* AppDelegate.swift */ = {isa = PBXFileReference; lastKnownFileType = sourcecode.swift; path = AppDelegate.swift; sourceTree = "<group>"; };
		4517227D1B82BAAA00D88E34 /* ViewController.swift */ = {isa = PBXFileReference; lastKnownFileType = sourcecode.swift; path = ViewController.swift; sourceTree = "<group>"; };
		451722801B82BAAA00D88E34 /* Base */ = {isa = PBXFileReference; lastKnownFileType = file.storyboard; name = Base; path = Base.lproj/Main.storyboard; sourceTree = "<group>"; };
		451722821B82BAAA00D88E34 /* Images.xcassets */ = {isa = PBXFileReference; lastKnownFileType = folder.assetcatalog; path = Images.xcassets; sourceTree = "<group>"; };
		451722851B82BAAA00D88E34 /* Base */ = {isa = PBXFileReference; lastKnownFileType = file.xib; name = Base; path = Base.lproj/LaunchScreen.xib; sourceTree = "<group>"; };
		4517228B1B82BAAA00D88E34 /* ExampleTests.xctest */ = {isa = PBXFileReference; explicitFileType = wrapper.cfbundle; includeInIndex = 0; path = ExampleTests.xctest; sourceTree = BUILT_PRODUCTS_DIR; };
		451722901B82BAAA00D88E34 /* Info.plist */ = {isa = PBXFileReference; lastKnownFileType = text.plist.xml; path = Info.plist; sourceTree = "<group>"; };
		451722911B82BAAA00D88E34 /* ExampleTests.swift */ = {isa = PBXFileReference; lastKnownFileType = sourcecode.swift; path = ExampleTests.swift; sourceTree = "<group>"; };
		45C524731C1213D600510CF7 /* CalculatorKeyboard.xcodeproj */ = {isa = PBXFileReference; lastKnownFileType = "wrapper.pb-project"; name = CalculatorKeyboard.xcodeproj; path = ../CalculatorKeyboard.xcodeproj; sourceTree = "<group>"; };
/* End PBXFileReference section */

/* Begin PBXFrameworksBuildPhase section */
		451722731B82BAAA00D88E34 /* Frameworks */ = {
			isa = PBXFrameworksBuildPhase;
			buildActionMask = 2147483647;
			files = (
				45C5247C1C1213DD00510CF7 /* CalculatorKeyboard.framework in Frameworks */,
			);
			runOnlyForDeploymentPostprocessing = 0;
		};
		451722881B82BAAA00D88E34 /* Frameworks */ = {
			isa = PBXFrameworksBuildPhase;
			buildActionMask = 2147483647;
			files = (
			);
			runOnlyForDeploymentPostprocessing = 0;
		};
/* End PBXFrameworksBuildPhase section */

/* Begin PBXGroup section */
		4517226D1B82BAAA00D88E34 = {
			isa = PBXGroup;
			children = (
				45C524731C1213D600510CF7 /* CalculatorKeyboard.xcodeproj */,
				451722781B82BAAA00D88E34 /* Example */,
				4517228E1B82BAAA00D88E34 /* ExampleTests */,
				451722771B82BAAA00D88E34 /* Products */,
			);
			sourceTree = "<group>";
		};
		451722771B82BAAA00D88E34 /* Products */ = {
			isa = PBXGroup;
			children = (
				451722761B82BAAA00D88E34 /* Example.app */,
				4517228B1B82BAAA00D88E34 /* ExampleTests.xctest */,
			);
			name = Products;
			sourceTree = "<group>";
		};
		451722781B82BAAA00D88E34 /* Example */ = {
			isa = PBXGroup;
			children = (
				4517227B1B82BAAA00D88E34 /* AppDelegate.swift */,
				4517227D1B82BAAA00D88E34 /* ViewController.swift */,
				4517227F1B82BAAA00D88E34 /* Main.storyboard */,
				451722821B82BAAA00D88E34 /* Images.xcassets */,
				451722841B82BAAA00D88E34 /* LaunchScreen.xib */,
				451722791B82BAAA00D88E34 /* Supporting Files */,
			);
			path = Example;
			sourceTree = "<group>";
		};
		451722791B82BAAA00D88E34 /* Supporting Files */ = {
			isa = PBXGroup;
			children = (
				4517227A1B82BAAA00D88E34 /* Info.plist */,
			);
			name = "Supporting Files";
			sourceTree = "<group>";
		};
		4517228E1B82BAAA00D88E34 /* ExampleTests */ = {
			isa = PBXGroup;
			children = (
				451722911B82BAAA00D88E34 /* ExampleTests.swift */,
				4517228F1B82BAAA00D88E34 /* Supporting Files */,
			);
			path = ExampleTests;
			sourceTree = "<group>";
		};
		4517228F1B82BAAA00D88E34 /* Supporting Files */ = {
			isa = PBXGroup;
			children = (
				451722901B82BAAA00D88E34 /* Info.plist */,
			);
			name = "Supporting Files";
			sourceTree = "<group>";
		};
		45C524741C1213D600510CF7 /* Products */ = {
			isa = PBXGroup;
			children = (
				45C524791C1213D700510CF7 /* CalculatorKeyboard.framework */,
				45C5247B1C1213D700510CF7 /* CalculatorKeyboardTests.xctest */,
			);
			name = Products;
			sourceTree = "<group>";
		};
/* End PBXGroup section */

/* Begin PBXNativeTarget section */
		451722751B82BAAA00D88E34 /* Example */ = {
			isa = PBXNativeTarget;
			buildConfigurationList = 451722951B82BAAA00D88E34 /* Build configuration list for PBXNativeTarget "Example" */;
			buildPhases = (
				451722721B82BAAA00D88E34 /* Sources */,
				451722731B82BAAA00D88E34 /* Frameworks */,
				451722741B82BAAA00D88E34 /* Resources */,
				459CC66C1BE97CDF0012E4C2 /* Embed Frameworks */,
			);
			buildRules = (
			);
			dependencies = (
				45C5247F1C1213DD00510CF7 /* PBXTargetDependency */,
			);
			name = Example;
			productName = Example;
			productReference = 451722761B82BAAA00D88E34 /* Example.app */;
			productType = "com.apple.product-type.application";
		};
		4517228A1B82BAAA00D88E34 /* ExampleTests */ = {
			isa = PBXNativeTarget;
			buildConfigurationList = 451722981B82BAAA00D88E34 /* Build configuration list for PBXNativeTarget "ExampleTests" */;
			buildPhases = (
				451722871B82BAAA00D88E34 /* Sources */,
				451722881B82BAAA00D88E34 /* Frameworks */,
				451722891B82BAAA00D88E34 /* Resources */,
			);
			buildRules = (
			);
			dependencies = (
				4517228D1B82BAAA00D88E34 /* PBXTargetDependency */,
			);
			name = ExampleTests;
			productName = ExampleTests;
			productReference = 4517228B1B82BAAA00D88E34 /* ExampleTests.xctest */;
			productType = "com.apple.product-type.bundle.unit-test";
		};
/* End PBXNativeTarget section */

/* Begin PBXProject section */
		4517226E1B82BAAA00D88E34 /* Project object */ = {
			isa = PBXProject;
			attributes = {
				LastSwiftUpdateCheck = 0700;
				LastUpgradeCheck = 0700;
				ORGANIZATIONNAME = "Reefactor, Inc.";
				TargetAttributes = {
					451722751B82BAAA00D88E34 = {
						CreatedOnToolsVersion = 6.4;
						DevelopmentTeam = K7ADE5W84V;
					};
					4517228A1B82BAAA00D88E34 = {
						CreatedOnToolsVersion = 6.4;
						TestTargetID = 451722751B82BAAA00D88E34;
					};
				};
			};
			buildConfigurationList = 451722711B82BAAA00D88E34 /* Build configuration list for PBXProject "Example" */;
			compatibilityVersion = "Xcode 3.2";
			developmentRegion = English;
			hasScannedForEncodings = 0;
			knownRegions = (
				en,
				Base,
			);
			mainGroup = 4517226D1B82BAAA00D88E34;
			productRefGroup = 451722771B82BAAA00D88E34 /* Products */;
			projectDirPath = "";
			projectReferences = (
				{
					ProductGroup = 45C524741C1213D600510CF7 /* Products */;
					ProjectRef = 45C524731C1213D600510CF7 /* CalculatorKeyboard.xcodeproj */;
				},
			);
			projectRoot = "";
			targets = (
				451722751B82BAAA00D88E34 /* Example */,
				4517228A1B82BAAA00D88E34 /* ExampleTests */,
			);
		};
/* End PBXProject section */

/* Begin PBXReferenceProxy section */
		45C524791C1213D700510CF7 /* CalculatorKeyboard.framework */ = {
			isa = PBXReferenceProxy;
			fileType = wrapper.framework;
			path = CalculatorKeyboard.framework;
			remoteRef = 45C524781C1213D700510CF7 /* PBXContainerItemProxy */;
			sourceTree = BUILT_PRODUCTS_DIR;
		};
		45C5247B1C1213D700510CF7 /* CalculatorKeyboardTests.xctest */ = {
			isa = PBXReferenceProxy;
			fileType = wrapper.cfbundle;
			path = CalculatorKeyboardTests.xctest;
			remoteRef = 45C5247A1C1213D700510CF7 /* PBXContainerItemProxy */;
			sourceTree = BUILT_PRODUCTS_DIR;
		};
/* End PBXReferenceProxy section */

/* Begin PBXResourcesBuildPhase section */
		451722741B82BAAA00D88E34 /* Resources */ = {
			isa = PBXResourcesBuildPhase;
			buildActionMask = 2147483647;
			files = (
				451722811B82BAAA00D88E34 /* Main.storyboard in Resources */,
				451722861B82BAAA00D88E34 /* LaunchScreen.xib in Resources */,
				451722831B82BAAA00D88E34 /* Images.xcassets in Resources */,
			);
			runOnlyForDeploymentPostprocessing = 0;
		};
		451722891B82BAAA00D88E34 /* Resources */ = {
			isa = PBXResourcesBuildPhase;
			buildActionMask = 2147483647;
			files = (
			);
			runOnlyForDeploymentPostprocessing = 0;
		};
/* End PBXResourcesBuildPhase section */

/* Begin PBXSourcesBuildPhase section */
		451722721B82BAAA00D88E34 /* Sources */ = {
			isa = PBXSourcesBuildPhase;
			buildActionMask = 2147483647;
			files = (
				4517227E1B82BAAA00D88E34 /* ViewController.swift in Sources */,
				4517227C1B82BAAA00D88E34 /* AppDelegate.swift in Sources */,
			);
			runOnlyForDeploymentPostprocessing = 0;
		};
		451722871B82BAAA00D88E34 /* Sources */ = {
			isa = PBXSourcesBuildPhase;
			buildActionMask = 2147483647;
			files = (
				451722921B82BAAA00D88E34 /* ExampleTests.swift in Sources */,
			);
			runOnlyForDeploymentPostprocessing = 0;
		};
/* End PBXSourcesBuildPhase section */

/* Begin PBXTargetDependency section */
		4517228D1B82BAAA00D88E34 /* PBXTargetDependency */ = {
			isa = PBXTargetDependency;
			target = 451722751B82BAAA00D88E34 /* Example */;
			targetProxy = 4517228C1B82BAAA00D88E34 /* PBXContainerItemProxy */;
		};
		45C5247F1C1213DD00510CF7 /* PBXTargetDependency */ = {
			isa = PBXTargetDependency;
			name = CalculatorKeyboard;
			targetProxy = 45C5247E1C1213DD00510CF7 /* PBXContainerItemProxy */;
		};
/* End PBXTargetDependency section */

/* Begin PBXVariantGroup section */
		4517227F1B82BAAA00D88E34 /* Main.storyboard */ = {
			isa = PBXVariantGroup;
			children = (
				451722801B82BAAA00D88E34 /* Base */,
			);
			name = Main.storyboard;
			sourceTree = "<group>";
		};
		451722841B82BAAA00D88E34 /* LaunchScreen.xib */ = {
			isa = PBXVariantGroup;
			children = (
				451722851B82BAAA00D88E34 /* Base */,
			);
			name = LaunchScreen.xib;
			sourceTree = "<group>";
		};
/* End PBXVariantGroup section */

/* Begin XCBuildConfiguration section */
		451722931B82BAAA00D88E34 /* Debug */ = {
			isa = XCBuildConfiguration;
			buildSettings = {
				ALWAYS_SEARCH_USER_PATHS = NO;
				CLANG_CXX_LANGUAGE_STANDARD = "gnu++0x";
				CLANG_CXX_LIBRARY = "libc++";
				CLANG_ENABLE_MODULES = YES;
				CLANG_ENABLE_OBJC_ARC = YES;
				CLANG_WARN_BOOL_CONVERSION = YES;
				CLANG_WARN_CONSTANT_CONVERSION = YES;
				CLANG_WARN_DIRECT_OBJC_ISA_USAGE = YES_ERROR;
				CLANG_WARN_EMPTY_BODY = YES;
				CLANG_WARN_ENUM_CONVERSION = YES;
				CLANG_WARN_INT_CONVERSION = YES;
				CLANG_WARN_OBJC_ROOT_CLASS = YES_ERROR;
				CLANG_WARN_UNREACHABLE_CODE = YES;
				CLANG_WARN__DUPLICATE_METHOD_MATCH = YES;
				"CODE_SIGN_IDENTITY[sdk=iphoneos*]" = "iPhone Developer";
				COPY_PHASE_STRIP = NO;
				DEBUG_INFORMATION_FORMAT = "dwarf-with-dsym";
				ENABLE_STRICT_OBJC_MSGSEND = YES;
				ENABLE_TESTABILITY = YES;
				GCC_C_LANGUAGE_STANDARD = gnu99;
				GCC_DYNAMIC_NO_PIC = NO;
				GCC_NO_COMMON_BLOCKS = YES;
				GCC_OPTIMIZATION_LEVEL = 0;
				GCC_PREPROCESSOR_DEFINITIONS = (
					"DEBUG=1",
					"$(inherited)",
				);
				GCC_SYMBOLS_PRIVATE_EXTERN = NO;
				GCC_WARN_64_TO_32_BIT_CONVERSION = YES;
				GCC_WARN_ABOUT_RETURN_TYPE = YES_ERROR;
				GCC_WARN_UNDECLARED_SELECTOR = YES;
				GCC_WARN_UNINITIALIZED_AUTOS = YES_AGGRESSIVE;
				GCC_WARN_UNUSED_FUNCTION = YES;
				GCC_WARN_UNUSED_VARIABLE = YES;
				IPHONEOS_DEPLOYMENT_TARGET = 8.4;
				MTL_ENABLE_DEBUG_INFO = YES;
				ONLY_ACTIVE_ARCH = YES;
				SDKROOT = iphoneos;
				SWIFT_OPTIMIZATION_LEVEL = "-Onone";
			};
			name = Debug;
		};
		451722941B82BAAA00D88E34 /* Release */ = {
			isa = XCBuildConfiguration;
			buildSettings = {
				ALWAYS_SEARCH_USER_PATHS = NO;
				CLANG_CXX_LANGUAGE_STANDARD = "gnu++0x";
				CLANG_CXX_LIBRARY = "libc++";
				CLANG_ENABLE_MODULES = YES;
				CLANG_ENABLE_OBJC_ARC = YES;
				CLANG_WARN_BOOL_CONVERSION = YES;
				CLANG_WARN_CONSTANT_CONVERSION = YES;
				CLANG_WARN_DIRECT_OBJC_ISA_USAGE = YES_ERROR;
				CLANG_WARN_EMPTY_BODY = YES;
				CLANG_WARN_ENUM_CONVERSION = YES;
				CLANG_WARN_INT_CONVERSION = YES;
				CLANG_WARN_OBJC_ROOT_CLASS = YES_ERROR;
				CLANG_WARN_UNREACHABLE_CODE = YES;
				CLANG_WARN__DUPLICATE_METHOD_MATCH = YES;
				"CODE_SIGN_IDENTITY[sdk=iphoneos*]" = "iPhone Developer";
				COPY_PHASE_STRIP = NO;
				DEBUG_INFORMATION_FORMAT = "dwarf-with-dsym";
				ENABLE_NS_ASSERTIONS = NO;
				ENABLE_STRICT_OBJC_MSGSEND = YES;
				GCC_C_LANGUAGE_STANDARD = gnu99;
				GCC_NO_COMMON_BLOCKS = YES;
				GCC_WARN_64_TO_32_BIT_CONVERSION = YES;
				GCC_WARN_ABOUT_RETURN_TYPE = YES_ERROR;
				GCC_WARN_UNDECLARED_SELECTOR = YES;
				GCC_WARN_UNINITIALIZED_AUTOS = YES_AGGRESSIVE;
				GCC_WARN_UNUSED_FUNCTION = YES;
				GCC_WARN_UNUSED_VARIABLE = YES;
				IPHONEOS_DEPLOYMENT_TARGET = 8.4;
				MTL_ENABLE_DEBUG_INFO = NO;
				SDKROOT = iphoneos;
				VALIDATE_PRODUCT = YES;
			};
			name = Release;
		};
		451722961B82BAAA00D88E34 /* Debug */ = {
			isa = XCBuildConfiguration;
			buildSettings = {
				ASSETCATALOG_COMPILER_APPICON_NAME = AppIcon;
				CODE_SIGN_IDENTITY = "iPhone Developer";
				"CODE_SIGN_IDENTITY[sdk=iphoneos*]" = "iPhone Developer";
				EMBEDDED_CONTENT_CONTAINS_SWIFT = YES;
				INFOPLIST_FILE = Example/Info.plist;
				IPHONEOS_DEPLOYMENT_TARGET = 9.1;
				LD_RUNPATH_SEARCH_PATHS = "$(inherited) @executable_path/Frameworks";
				PRODUCT_BUNDLE_IDENTIFIER = "com.reefactor.$(PRODUCT_NAME:rfc1034identifier)";
				PRODUCT_NAME = "$(TARGET_NAME)";
				PROVISIONING_PROFILE = "";
				SWIFT_VERSION = 3.0;
			};
			name = Debug;
		};
		451722971B82BAAA00D88E34 /* Release */ = {
			isa = XCBuildConfiguration;
			buildSettings = {
				ASSETCATALOG_COMPILER_APPICON_NAME = AppIcon;
				CODE_SIGN_IDENTITY = "iPhone Developer";
				"CODE_SIGN_IDENTITY[sdk=iphoneos*]" = "iPhone Developer";
				EMBEDDED_CONTENT_CONTAINS_SWIFT = YES;
				INFOPLIST_FILE = Example/Info.plist;
				IPHONEOS_DEPLOYMENT_TARGET = 9.1;
				LD_RUNPATH_SEARCH_PATHS = "$(inherited) @executable_path/Frameworks";
				PRODUCT_BUNDLE_IDENTIFIER = "com.reefactor.$(PRODUCT_NAME:rfc1034identifier)";
				PRODUCT_NAME = "$(TARGET_NAME)";
				PROVISIONING_PROFILE = "";
				SWIFT_VERSION = 3.0;
			};
			name = Release;
		};
		451722991B82BAAA00D88E34 /* Debug */ = {
			isa = XCBuildConfiguration;
			buildSettings = {
				BUNDLE_LOADER = "$(TEST_HOST)";
				FRAMEWORK_SEARCH_PATHS = "";
				GCC_PREPROCESSOR_DEFINITIONS = (
					"DEBUG=1",
					"$(inherited)",
				);
				INFOPLIST_FILE = ExampleTests/Info.plist;
				LD_RUNPATH_SEARCH_PATHS = "$(inherited) @executable_path/Frameworks @loader_path/Frameworks";
				PRODUCT_BUNDLE_IDENTIFIER = "com.reefactor.$(PRODUCT_NAME:rfc1034identifier)";
				PRODUCT_NAME = "$(TARGET_NAME)";
				SWIFT_VERSION = 3.0;
				TEST_HOST = "$(BUILT_PRODUCTS_DIR)/Example.app/Example";
			};
			name = Debug;
		};
		4517229A1B82BAAA00D88E34 /* Release */ = {
			isa = XCBuildConfiguration;
			buildSettings = {
				BUNDLE_LOADER = "$(TEST_HOST)";
				FRAMEWORK_SEARCH_PATHS = "";
				INFOPLIST_FILE = ExampleTests/Info.plist;
				LD_RUNPATH_SEARCH_PATHS = "$(inherited) @executable_path/Frameworks @loader_path/Frameworks";
				PRODUCT_BUNDLE_IDENTIFIER = "com.reefactor.$(PRODUCT_NAME:rfc1034identifier)";
				PRODUCT_NAME = "$(TARGET_NAME)";
				SWIFT_VERSION = 3.0;
				TEST_HOST = "$(BUILT_PRODUCTS_DIR)/Example.app/Example";
			};
			name = Release;
		};
/* End XCBuildConfiguration section */

/* Begin XCConfigurationList section */
		451722711B82BAAA00D88E34 /* Build configuration list for PBXProject "Example" */ = {
			isa = XCConfigurationList;
			buildConfigurations = (
				451722931B82BAAA00D88E34 /* Debug */,
				451722941B82BAAA00D88E34 /* Release */,
			);
			defaultConfigurationIsVisible = 0;
			defaultConfigurationName = Release;
		};
		451722951B82BAAA00D88E34 /* Build configuration list for PBXNativeTarget "Example" */ = {
			isa = XCConfigurationList;
			buildConfigurations = (
				451722961B82BAAA00D88E34 /* Debug */,
				451722971B82BAAA00D88E34 /* Release */,
			);
			defaultConfigurationIsVisible = 0;
			defaultConfigurationName = Release;
		};
		451722981B82BAAA00D88E34 /* Build configuration list for PBXNativeTarget "ExampleTests" */ = {
			isa = XCConfigurationList;
			buildConfigurations = (
				451722991B82BAAA00D88E34 /* Debug */,
				4517229A1B82BAAA00D88E34 /* Release */,
			);
			defaultConfigurationIsVisible = 0;
			defaultConfigurationName = Release;
		};
/* End XCConfigurationList section */
	};
	rootObject = 4517226E1B82BAAA00D88E34 /* Project object */;
}
